
Microsoft Visual Studio Solution File, Format Version 12.00
# Visual Studio Version 17
VisualStudioVersion = 17.6.33829.357
MinimumVisualStudioVersion = 10.0.40219.1
Project("{FAE04EC0-301F-11D3-BF4B-00C04F79EFBC}") = "Bloggie.Web", "Bloggie.Web\Bloggie.Web.csproj", "{6432E44A-B74C-4F48-9779-399A9B8EEC55}"
EndProject
Global
	GlobalSection(SolutionConfigurationPlatforms) = preSolution
		Debug|Any CPU = Debug|Any CPU
		Release|Any CPU = Release|Any CPU
	EndGlobalSection
	GlobalSection(ProjectConfigurationPlatforms) = postSolution
		{6432E44A-B74C-4F48-9779-399A9B8EEC55}.Debug|Any CPU.ActiveCfg = Debug|Any CPU
		{6432E44A-B74C-4F48-9779-399A9B8EEC55}.Debug|Any CPU.Build.0 = Debug|Any CPU
		{6432E44A-B74C-4F48-9779-399A9B8EEC55}.Release|Any CPU.ActiveCfg = Release|Any CPU
		{6432E44A-B74C-4F48-9779-399A9B8EEC55}.Release|Any CPU.Build.0 = Release|Any CPU
	EndGlobalSection
	GlobalSection(SolutionProperties) = preSolution
		HideSolutionNode = FALSE
	EndGlobalSection
	GlobalSection(ExtensibilityGlobals) = postSolution
		SolutionGuid = {17902770-A49C-4524-AB55-75EFCC1003A5}
	EndGlobalSection
EndGlobal
